
Microsoft Visual Studio Solution File, Format Version 12.00
# Visual Studio Version 16
VisualStudioVersion = 16.0.30204.135
MinimumVisualStudioVersion = 10.0.40219.1
Project("{FAE04EC0-301F-11D3-BF4B-00C04F79EFBC}") = "Biblio", "Biblio\Biblio.csproj", "{DB96F42B-3F79-4733-83E8-72F29C1BAC0E}"
EndProject
Global
	GlobalSection(SolutionConfigurationPlatforms) = preSolution
		Debug|Any CPU = Debug|Any CPU
		Release|Any CPU = Release|Any CPU
	EndGlobalSection
	GlobalSection(ProjectConfigurationPlatforms) = postSolution
		{DB96F42B-3F79-4733-83E8-72F29C1BAC0E}.Debug|Any CPU.ActiveCfg = Debug|Any CPU
		{DB96F42B-3F79-4733-83E8-72F29C1BAC0E}.Debug|Any CPU.Build.0 = Debug|Any CPU
		{DB96F42B-3F79-4733-83E8-72F29C1BAC0E}.Release|Any CPU.ActiveCfg = Release|Any CPU
		{DB96F42B-3F79-4733-83E8-72F29C1BAC0E}.Release|Any CPU.Build.0 = Release|Any CPU
	EndGlobalSection
	GlobalSection(SolutionProperties) = preSolution
		HideSolutionNode = FALSE
	EndGlobalSection
	GlobalSection(ExtensibilityGlobals) = postSolution
		SolutionGuid = {413C7AE5-DD04-420E-8D31-3B63D6444F76}
	EndGlobalSection
EndGlobal
