
Microsoft Visual Studio Solution File, Format Version 12.00
# Visual Studio Version 16
VisualStudioVersion = 16.0.30204.135
MinimumVisualStudioVersion = 10.0.40219.1
Project("{FAE04EC0-301F-11D3-BF4B-00C04F79EFBC}") = "Biblio", "Biblio\Biblio.csproj", "{D2D080D6-7739-4759-9CD1-E15259B5F96A}"
EndProject
Global
	GlobalSection(SolutionConfigurationPlatforms) = preSolution
		Debug|Any CPU = Debug|Any CPU
		Release|Any CPU = Release|Any CPU
	EndGlobalSection
	GlobalSection(ProjectConfigurationPlatforms) = postSolution
		{D2D080D6-7739-4759-9CD1-E15259B5F96A}.Debug|Any CPU.ActiveCfg = Debug|Any CPU
		{D2D080D6-7739-4759-9CD1-E15259B5F96A}.Debug|Any CPU.Build.0 = Debug|Any CPU
		{D2D080D6-7739-4759-9CD1-E15259B5F96A}.Release|Any CPU.ActiveCfg = Release|Any CPU
		{D2D080D6-7739-4759-9CD1-E15259B5F96A}.Release|Any CPU.Build.0 = Release|Any CPU
	EndGlobalSection
	GlobalSection(SolutionProperties) = preSolution
		HideSolutionNode = FALSE
	EndGlobalSection
	GlobalSection(ExtensibilityGlobals) = postSolution
		SolutionGuid = {8DB7E35B-7410-42AE-AFC6-83379D958297}
	EndGlobalSection
EndGlobal
